
Microsoft Visual Studio Solution File, Format Version 12.00
# Visual Studio 2013
VisualStudioVersion = 12.0.31101.0
MinimumVisualStudioVersion = 10.0.40219.1
Project("{FAE04EC0-301F-11D3-BF4B-00C04F79EFBC}") = "BackgroundTaskTests", "BackgroundTaskTests\BackgroundTaskTests.csproj", "{81B06F73-174C-43F2-AF01-9E2ED95351C9}"
EndProject
Global
	GlobalSection(SolutionConfigurationPlatforms) = preSolution
		AT|Any CPU = AT|Any CPU
		CI|Any CPU = CI|Any CPU
		Debug|Any CPU = Debug|Any CPU
		DebugCI|Any CPU = DebugCI|Any CPU
		DEV|Any CPU = DEV|Any CPU
		MO|Any CPU = MO|Any CPU
		OAT|Any CPU = OAT|Any CPU
		PUB|Any CPU = PUB|Any CPU
		Public|Any CPU = Public|Any CPU
		Release|Any CPU = Release|Any CPU
		VS2010IntegrationTest|Any CPU = VS2010IntegrationTest|Any CPU
	EndGlobalSection
	GlobalSection(ProjectConfigurationPlatforms) = postSolution
		{81B06F73-174C-43F2-AF01-9E2ED95351C9}.AT|Any CPU.ActiveCfg = Release|Any CPU
		{81B06F73-174C-43F2-AF01-9E2ED95351C9}.CI|Any CPU.ActiveCfg = Release|Any CPU
		{81B06F73-174C-43F2-AF01-9E2ED95351C9}.Debug|Any CPU.ActiveCfg = Debug|Any CPU
		{81B06F73-174C-43F2-AF01-9E2ED95351C9}.Debug|Any CPU.Build.0 = Debug|Any CPU
		{81B06F73-174C-43F2-AF01-9E2ED95351C9}.DebugCI|Any CPU.ActiveCfg = Debug|Any CPU
		{81B06F73-174C-43F2-AF01-9E2ED95351C9}.DEV|Any CPU.ActiveCfg = Debug|Any CPU
		{81B06F73-174C-43F2-AF01-9E2ED95351C9}.MO|Any CPU.ActiveCfg = Release|Any CPU
		{81B06F73-174C-43F2-AF01-9E2ED95351C9}.OAT|Any CPU.ActiveCfg = Release|Any CPU
		{81B06F73-174C-43F2-AF01-9E2ED95351C9}.PUB|Any CPU.ActiveCfg = Release|Any CPU
		{81B06F73-174C-43F2-AF01-9E2ED95351C9}.Public|Any CPU.ActiveCfg = Release|Any CPU
		{81B06F73-174C-43F2-AF01-9E2ED95351C9}.Release|Any CPU.ActiveCfg = Release|Any CPU
		{81B06F73-174C-43F2-AF01-9E2ED95351C9}.Release|Any CPU.Build.0 = Release|Any CPU
		{81B06F73-174C-43F2-AF01-9E2ED95351C9}.VS2010IntegrationTest|Any CPU.ActiveCfg = Release|Any CPU
	EndGlobalSection
	GlobalSection(SolutionProperties) = preSolution
		HideSolutionNode = FALSE
	EndGlobalSection
EndGlobal
